// !$*UTF8*$!
{
	archiveVersion = 1;
	classes = {
	};
	objectVersion = 50;
	objects = {

/* Begin PBXBuildFile section */
		178E41DD25FF7C3C007E128E /* AppDelegate.swift in Sources */ = {isa = PBXBuildFile; fileRef = 178E41DC25FF7C3C007E128E /* AppDelegate.swift */; };
		178E41DF25FF7C3C007E128E /* SceneDelegate.swift in Sources */ = {isa = PBXBuildFile; fileRef = 178E41DE25FF7C3C007E128E /* SceneDelegate.swift */; };
		178E41E125FF7C3C007E128E /* ViewController.swift in Sources */ = {isa = PBXBuildFile; fileRef = 178E41E025FF7C3C007E128E /* ViewController.swift */; };
		178E41E425FF7C3C007E128E /* Main.storyboard in Resources */ = {isa = PBXBuildFile; fileRef = 178E41E225FF7C3C007E128E /* Main.storyboard */; };
		178E41E625FF7C3D007E128E /* Assets.xcassets in Resources */ = {isa = PBXBuildFile; fileRef = 178E41E525FF7C3D007E128E /* Assets.xcassets */; };
		178E41E925FF7C3D007E128E /* LaunchScreen.storyboard in Resources */ = {isa = PBXBuildFile; fileRef = 178E41E725FF7C3D007E128E /* LaunchScreen.storyboard */; };
/* End PBXBuildFile section */

/* Begin PBXFileReference section */
		178E41D925FF7C3C007E128E /* TestTaskCFT.app */ = {isa = PBXFileReference; explicitFileType = wrapper.application; includeInIndex = 0; path = TestTaskCFT.app; sourceTree = BUILT_PRODUCTS_DIR; };
		178E41DC25FF7C3C007E128E /* AppDelegate.swift */ = {isa = PBXFileReference; lastKnownFileType = sourcecode.swift; path = AppDelegate.swift; sourceTree = "<group>"; };
		178E41DE25FF7C3C007E128E /* SceneDelegate.swift */ = {isa = PBXFileReference; lastKnownFileType = sourcecode.swift; path = SceneDelegate.swift; sourceTree = "<group>"; };
		178E41E025FF7C3C007E128E /* ViewController.swift */ = {isa = PBXFileReference; lastKnownFileType = sourcecode.swift; path = ViewController.swift; sourceTree = "<group>"; };
		178E41E325FF7C3C007E128E /* Base */ = {isa = PBXFileReference; lastKnownFileType = file.storyboard; name = Base; path = Base.lproj/Main.storyboard; sourceTree = "<group>"; };
		178E41E525FF7C3D007E128E /* Assets.xcassets */ = {isa = PBXFileReference; lastKnownFileType = folder.assetcatalog; path = Assets.xcassets; sourceTree = "<group>"; };
		178E41E825FF7C3D007E128E /* Base */ = {isa = PBXFileReference; lastKnownFileType = file.storyboard; name = Base; path = Base.lproj/LaunchScreen.storyboard; sourceTree = "<group>"; };
		178E41EA25FF7C3D007E128E /* Info.plist */ = {isa = PBXFileReference; lastKnownFileType = text.plist.xml; path = Info.plist; sourceTree = "<group>"; };
/* End PBXFileReference section */

/* Begin PBXFrameworksBuildPhase section */
		178E41D625FF7C3C007E128E /* Frameworks */ = {
			isa = PBXFrameworksBuildPhase;
			buildActionMask = 2147483647;
			files = (
			);
			runOnlyForDeploymentPostprocessing = 0;
		};
/* End PBXFrameworksBuildPhase section */

/* Begin PBXGroup section */
		178E41D025FF7C3C007E128E = {
			isa = PBXGroup;
			children = (
				178E41DB25FF7C3C007E128E /* TestTaskCFT */,
				178E41DA25FF7C3C007E128E /* Products */,
			);
			sourceTree = "<group>";
		};
		178E41DA25FF7C3C007E128E /* Products */ = {
			isa = PBXGroup;
			children = (
				178E41D925FF7C3C007E128E /* TestTaskCFT.app */,
			);
			name = Products;
			sourceTree = "<group>";
		};
		178E41DB25FF7C3C007E128E /* TestTaskCFT */ = {
			isa = PBXGroup;
			children = (
				178E41DC25FF7C3C007E128E /* AppDelegate.swift */,
				178E41DE25FF7C3C007E128E /* SceneDelegate.swift */,
				178E41E025FF7C3C007E128E /* ViewController.swift */,
				178E41E225FF7C3C007E128E /* Main.storyboard */,
				178E41E525FF7C3D007E128E /* Assets.xcassets */,
				178E41E725FF7C3D007E128E /* LaunchScreen.storyboard */,
				178E41EA25FF7C3D007E128E /* Info.plist */,
			);
			path = TestTaskCFT;
			sourceTree = "<group>";
		};
/* End PBXGroup section */

/* Begin PBXNativeTarget section */
		178E41D825FF7C3C007E128E /* TestTaskCFT */ = {
			isa = PBXNativeTarget;
			buildConfigurationList = 178E41ED25FF7C3D007E128E /* Build configuration list for PBXNativeTarget "TestTaskCFT" */;
			buildPhases = (
				178E41D525FF7C3C007E128E /* Sources */,
				178E41D625FF7C3C007E128E /* Frameworks */,
				178E41D725FF7C3C007E128E /* Resources */,
			);
			buildRules = (
			);
			dependencies = (
			);
			name = TestTaskCFT;
			productName = TestTaskCFT;
			productReference = 178E41D925FF7C3C007E128E /* TestTaskCFT.app */;
			productType = "com.apple.product-type.application";
		};
/* End PBXNativeTarget section */

/* Begin PBXProject section */
		178E41D125FF7C3C007E128E /* Project object */ = {
			isa = PBXProject;
			attributes = {
				LastSwiftUpdateCheck = 1240;
				LastUpgradeCheck = 1240;
				TargetAttributes = {
					178E41D825FF7C3C007E128E = {
						CreatedOnToolsVersion = 12.4;
					};
				};
			};
			buildConfigurationList = 178E41D425FF7C3C007E128E /* Build configuration list for PBXProject "TestTaskCFT" */;
			compatibilityVersion = "Xcode 9.3";
			developmentRegion = en;
			hasScannedForEncodings = 0;
			knownRegions = (
				en,
				Base,
			);
			mainGroup = 178E41D025FF7C3C007E128E;
			productRefGroup = 178E41DA25FF7C3C007E128E /* Products */;
			projectDirPath = "";
			projectRoot = "";
			targets = (
				178E41D825FF7C3C007E128E /* TestTaskCFT */,
			);
		};
/* End PBXProject section */

/* Begin PBXResourcesBuildPhase section */
		178E41D725FF7C3C007E128E /* Resources */ = {
			isa = PBXResourcesBuildPhase;
			buildActionMask = 2147483647;
			files = (
				178E41E925FF7C3D007E128E /* LaunchScreen.storyboard in Resources */,
				178E41E625FF7C3D007E128E /* Assets.xcassets in Resources */,
				178E41E425FF7C3C007E128E /* Main.storyboard in Resources */,
			);
			runOnlyForDeploymentPostprocessing = 0;
		};
/* End PBXResourcesBuildPhase section */

/* Begin PBXSourcesBuildPhase section */
		178E41D525FF7C3C007E128E /* Sources */ = {
			isa = PBXSourcesBuildPhase;
			buildActionMask = 2147483647;
			files = (
				178E41E125FF7C3C007E128E /* ViewController.swift in Sources */,
				178E41DD25FF7C3C007E128E /* AppDelegate.swift in Sources */,
				178E41DF25FF7C3C007E128E /* SceneDelegate.swift in Sources */,
			);
			runOnlyForDeploymentPostprocessing = 0;
		};
/* End PBXSourcesBuildPhase section */

/* Begin PBXVariantGroup section */
		178E41E225FF7C3C007E128E /* Main.storyboard */ = {
			isa = PBXVariantGroup;
			children = (
				178E41E325FF7C3C007E128E /* Base */,
			);
			name = Main.storyboard;
			sourceTree = "<group>";
		};
		178E41E725FF7C3D007E128E /* LaunchScreen.storyboard */ = {
			isa = PBXVariantGroup;
			children = (
				178E41E825FF7C3D007E128E /* Base */,
			);
			name = LaunchScreen.storyboard;
			sourceTree = "<group>";
		};
/* End PBXVariantGroup section */

/* Begin XCBuildConfiguration section */
		178E41EB25FF7C3D007E128E /* Debug */ = {
			isa = XCBuildConfiguration;
			buildSettings = {
				ALWAYS_SEARCH_USER_PATHS = NO;
				CLANG_ANALYZER_NONNULL = YES;
				CLANG_ANALYZER_NUMBER_OBJECT_CONVERSION = YES_AGGRESSIVE;
				CLANG_CXX_LANGUAGE_STANDARD = "gnu++14";
				CLANG_CXX_LIBRARY = "libc++";
				CLANG_ENABLE_MODULES = YES;
				CLANG_ENABLE_OBJC_ARC = YES;
				CLANG_ENABLE_OBJC_WEAK = YES;
				CLANG_WARN_BLOCK_CAPTURE_AUTORELEASING = YES;
				CLANG_WARN_BOOL_CONVERSION = YES;
				CLANG_WARN_COMMA = YES;
				CLANG_WARN_CONSTANT_CONVERSION = YES;
				CLANG_WARN_DEPRECATED_OBJC_IMPLEMENTATIONS = YES;
				CLANG_WARN_DIRECT_OBJC_ISA_USAGE = YES_ERROR;
				CLANG_WARN_DOCUMENTATION_COMMENTS = YES;
				CLANG_WARN_EMPTY_BODY = YES;
				CLANG_WARN_ENUM_CONVERSION = YES;
				CLANG_WARN_INFINITE_RECURSION = YES;
				CLANG_WARN_INT_CONVERSION = YES;
				CLANG_WARN_NON_LITERAL_NULL_CONVERSION = YES;
				CLANG_WARN_OBJC_IMPLICIT_RETAIN_SELF = YES;
				CLANG_WARN_OBJC_LITERAL_CONVERSION = YES;
				CLANG_WARN_OBJC_ROOT_CLASS = YES_ERROR;
				CLANG_WARN_QUOTED_INCLUDE_IN_FRAMEWORK_HEADER = YES;
				CLANG_WARN_RANGE_LOOP_ANALYSIS = YES;
				CLANG_WARN_STRICT_PROTOTYPES = YES;
				CLANG_WARN_SUSPICIOUS_MOVE = YES;
				CLANG_WARN_UNGUARDED_AVAILABILITY = YES_AGGRESSIVE;
				CLANG_WARN_UNREACHABLE_CODE = YES;
				CLANG_WARN__DUPLICATE_METHOD_MATCH = YES;
				COPY_PHASE_STRIP = NO;
				DEBUG_INFORMATION_FORMAT = dwarf;
				ENABLE_STRICT_OBJC_MSGSEND = YES;
				ENABLE_TESTABILITY = YES;
				GCC_C_LANGUAGE_STANDARD = gnu11;
				GCC_DYNAMIC_NO_PIC = NO;
				GCC_NO_COMMON_BLOCKS = YES;
				GCC_OPTIMIZATION_LEVEL = 0;
				GCC_PREPROCESSOR_DEFINITIONS = (
					"DEBUG=1",
					"$(inherited)",
				);
				GCC_WARN_64_TO_32_BIT_CONVERSION = YES;
				GCC_WARN_ABOUT_RETURN_TYPE = YES_ERROR;
				GCC_WARN_UNDECLARED_SELECTOR = YES;
				GCC_WARN_UNINITIALIZED_AUTOS = YES_AGGRESSIVE;
				GCC_WARN_UNUSED_FUNCTION = YES;
				GCC_WARN_UNUSED_VARIABLE = YES;
				IPHONEOS_DEPLOYMENT_TARGET = 14.4;
				MTL_ENABLE_DEBUG_INFO = INCLUDE_SOURCE;
				MTL_FAST_MATH = YES;
				ONLY_ACTIVE_ARCH = YES;
				SDKROOT = iphoneos;
				SWIFT_ACTIVE_COMPILATION_CONDITIONS = DEBUG;
				SWIFT_OPTIMIZATION_LEVEL = "-Onone";
			};
			name = Debug;
		};
		178E41EC25FF7C3D007E128E /* Release */ = {
			isa = XCBuildConfiguration;
			buildSettings = {
				ALWAYS_SEARCH_USER_PATHS = NO;
				CLANG_ANALYZER_NONNULL = YES;
				CLANG_ANALYZER_NUMBER_OBJECT_CONVERSION = YES_AGGRESSIVE;
				CLANG_CXX_LANGUAGE_STANDARD = "gnu++14";
				CLANG_CXX_LIBRARY = "libc++";
				CLANG_ENABLE_MODULES = YES;
				CLANG_ENABLE_OBJC_ARC = YES;
				CLANG_ENABLE_OBJC_WEAK = YES;
				CLANG_WARN_BLOCK_CAPTURE_AUTORELEASING = YES;
				CLANG_WARN_BOOL_CONVERSION = YES;
				CLANG_WARN_COMMA = YES;
				CLANG_WARN_CONSTANT_CONVERSION = YES;
				CLANG_WARN_DEPRECATED_OBJC_IMPLEMENTATIONS = YES;
				CLANG_WARN_DIRECT_OBJC_ISA_USAGE = YES_ERROR;
				CLANG_WARN_DOCUMENTATION_COMMENTS = YES;
				CLANG_WARN_EMPTY_BODY = YES;
				CLANG_WARN_ENUM_CONVERSION = YES;
				CLANG_WARN_INFINITE_RECURSION = YES;
				CLANG_WARN_INT_CONVERSION = YES;
				CLANG_WARN_NON_LITERAL_NULL_CONVERSION = YES;
				CLANG_WARN_OBJC_IMPLICIT_RETAIN_SELF = YES;
				CLANG_WARN_OBJC_LITERAL_CONVERSION = YES;
				CLANG_WARN_OBJC_ROOT_CLASS = YES_ERROR;
				CLANG_WARN_QUOTED_INCLUDE_IN_FRAMEWORK_HEADER = YES;
				CLANG_WARN_RANGE_LOOP_ANALYSIS = YES;
				CLANG_WARN_STRICT_PROTOTYPES = YES;
				CLANG_WARN_SUSPICIOUS_MOVE = YES;
				CLANG_WARN_UNGUARDED_AVAILABILITY = YES_AGGRESSIVE;
				CLANG_WARN_UNREACHABLE_CODE = YES;
				CLANG_WARN__DUPLICATE_METHOD_MATCH = YES;
				COPY_PHASE_STRIP = NO;
				DEBUG_INFORMATION_FORMAT = "dwarf-with-dsym";
				ENABLE_NS_ASSERTIONS = NO;
				ENABLE_STRICT_OBJC_MSGSEND = YES;
				GCC_C_LANGUAGE_STANDARD = gnu11;
				GCC_NO_COMMON_BLOCKS = YES;
				GCC_WARN_64_TO_32_BIT_CONVERSION = YES;
				GCC_WARN_ABOUT_RETURN_TYPE = YES_ERROR;
				GCC_WARN_UNDECLARED_SELECTOR = YES;
				GCC_WARN_UNINITIALIZED_AUTOS = YES_AGGRESSIVE;
				GCC_WARN_UNUSED_FUNCTION = YES;
				GCC_WARN_UNUSED_VARIABLE = YES;
				IPHONEOS_DEPLOYMENT_TARGET = 14.4;
				MTL_ENABLE_DEBUG_INFO = NO;
				MTL_FAST_MATH = YES;
				SDKROOT = iphoneos;
				SWIFT_COMPILATION_MODE = wholemodule;
				SWIFT_OPTIMIZATION_LEVEL = "-O";
				VALIDATE_PRODUCT = YES;
			};
			name = Release;
		};
		178E41EE25FF7C3D007E128E /* Debug */ = {
			isa = XCBuildConfiguration;
			buildSettings = {
				ASSETCATALOG_COMPILER_APPICON_NAME = AppIcon;
				ASSETCATALOG_COMPILER_GLOBAL_ACCENT_COLOR_NAME = AccentColor;
				CODE_SIGN_STYLE = Automatic;
				DEVELOPMENT_TEAM = 957MV6847Z;
				INFOPLIST_FILE = TestTaskCFT/Info.plist;
				LD_RUNPATH_SEARCH_PATHS = (
					"$(inherited)",
					"@executable_path/Frameworks",
				);
				PRODUCT_BUNDLE_IDENTIFIER = Stanislav.TestTaskCFT;
				PRODUCT_NAME = "$(TARGET_NAME)";
				SWIFT_VERSION = 5.0;
				TARGETED_DEVICE_FAMILY = "1,2";
			};
			name = Debug;
		};
		178E41EF25FF7C3D007E128E /* Release */ = {
			isa = XCBuildConfiguration;
			buildSettings = {
				ASSETCATALOG_COMPILER_APPICON_NAME = AppIcon;
				ASSETCATALOG_COMPILER_GLOBAL_ACCENT_COLOR_NAME = AccentColor;
				CODE_SIGN_STYLE = Automatic;
				DEVELOPMENT_TEAM = 957MV6847Z;
				INFOPLIST_FILE = TestTaskCFT/Info.plist;
				LD_RUNPATH_SEARCH_PATHS = (
					"$(inherited)",
					"@executable_path/Frameworks",
				);
				PRODUCT_BUNDLE_IDENTIFIER = Stanislav.TestTaskCFT;
				PRODUCT_NAME = "$(TARGET_NAME)";
				SWIFT_VERSION = 5.0;
				TARGETED_DEVICE_FAMILY = "1,2";
			};
			name = Release;
		};
/* End XCBuildConfiguration section */

/* Begin XCConfigurationList section */
		178E41D425FF7C3C007E128E /* Build configuration list for PBXProject "TestTaskCFT" */ = {
			isa = XCConfigurationList;
			buildConfigurations = (
				178E41EB25FF7C3D007E128E /* Debug */,
				178E41EC25FF7C3D007E128E /* Release */,
			);
			defaultConfigurationIsVisible = 0;
			defaultConfigurationName = Release;
		};
		178E41ED25FF7C3D007E128E /* Build configuration list for PBXNativeTarget "TestTaskCFT" */ = {
			isa = XCConfigurationList;
			buildConfigurations = (
				178E41EE25FF7C3D007E128E /* Debug */,
				178E41EF25FF7C3D007E128E /* Release */,
			);
			defaultConfigurationIsVisible = 0;
			defaultConfigurationName = Release;
		};
/* End XCConfigurationList section */
	};
	rootObject = 178E41D125FF7C3C007E128E /* Project object */;
}
